// !$*UTF8*$!
{
	archiveVersion = 1;
	classes = {
	};
	objectVersion = 56;
	objects = {

/* Begin PBXBuildFile section */
		C60EE5D02A41D83D0084EE26 /* AsyncAwaitView.swift in Sources */ = {isa = PBXBuildFile; fileRef = C60EE5CF2A41D83D0084EE26 /* AsyncAwaitView.swift */; };
		C620F4992A6B2EA100054A71 /* TimerView.swift in Sources */ = {isa = PBXBuildFile; fileRef = C620F4982A6B2EA100054A71 /* TimerView.swift */; };
		C624717A2AB1EAC700DC0C66 /* NoNetworkView.swift in Sources */ = {isa = PBXBuildFile; fileRef = C62471792AB1EAC600DC0C66 /* NoNetworkView.swift */; };
		C624717C2AB1F24A00DC0C66 /* NetworkView.swift in Sources */ = {isa = PBXBuildFile; fileRef = C624717B2AB1F24A00DC0C66 /* NetworkView.swift */; };
		C62B822C2AD982190000DB0A /* AccesibilityDynamicTextView.swift in Sources */ = {isa = PBXBuildFile; fileRef = C62B822B2AD982190000DB0A /* AccesibilityDynamicTextView.swift */; };
		C62CB7762A4F67E700D7E049 /* EscapingView.swift in Sources */ = {isa = PBXBuildFile; fileRef = C62CB7752A4F67E700D7E049 /* EscapingView.swift */; };
		C639CA222AA937B000F7D5AC /* ContentTransitionEffectsView.swift in Sources */ = {isa = PBXBuildFile; fileRef = C639CA212AA937B000F7D5AC /* ContentTransitionEffectsView.swift */; };
		C639CA252AA93B2200F7D5AC /* AnimatedTabIconsView.swift in Sources */ = {isa = PBXBuildFile; fileRef = C639CA242AA93B2200F7D5AC /* AnimatedTabIconsView.swift */; };
		C639CA272AA93B3900F7D5AC /* TabIconsModel.swift in Sources */ = {isa = PBXBuildFile; fileRef = C639CA262AA93B3900F7D5AC /* TabIconsModel.swift */; };
		C639CA292AA9405D00F7D5AC /* Tab.swift in Sources */ = {isa = PBXBuildFile; fileRef = C639CA282AA9405D00F7D5AC /* Tab.swift */; };
		C639CA2B2AA9419400F7D5AC /* HomeView.swift in Sources */ = {isa = PBXBuildFile; fileRef = C639CA2A2AA9419400F7D5AC /* HomeView.swift */; };
		C63D13E82AAE73170058F567 /* PhoneCallView.swift in Sources */ = {isa = PBXBuildFile; fileRef = C63D13E72AAE73170058F567 /* PhoneCallView.swift */; };
		C63E34602AB91D1D009C8BAE /* TransparentBlurView.swift in Sources */ = {isa = PBXBuildFile; fileRef = C63E345F2AB91D1D009C8BAE /* TransparentBlurView.swift */; };
		C63E34632AB9374F009C8BAE /* BudgetModel.swift in Sources */ = {isa = PBXBuildFile; fileRef = C63E34622AB9374F009C8BAE /* BudgetModel.swift */; };
		C64DC50F2A42785F00C1B773 /* SearchWithAPICallView.swift in Sources */ = {isa = PBXBuildFile; fileRef = C64DC50E2A42785F00C1B773 /* SearchWithAPICallView.swift */; };
		C65031F22A2A29F3007623FB /* MaskView.swift in Sources */ = {isa = PBXBuildFile; fileRef = C65031F12A2A29F3007623FB /* MaskView.swift */; };
		C6591EFA2A298EDC0054800C /* GeometryReeaderView.swift in Sources */ = {isa = PBXBuildFile; fileRef = C6591EF92A298EDC0054800C /* GeometryReeaderView.swift */; };
		C6591EFC2A2993A40054800C /* GeometryReader2View.swift in Sources */ = {isa = PBXBuildFile; fileRef = C6591EFB2A2993A40054800C /* GeometryReader2View.swift */; };
		C65A35462AF134F20084C172 /* KeyPathsView.swift in Sources */ = {isa = PBXBuildFile; fileRef = C65A35452AF134F20084C172 /* KeyPathsView.swift */; };
		C65A35482AF13EB50084C172 /* PhotoPicker2View.swift in Sources */ = {isa = PBXBuildFile; fileRef = C65A35472AF13EB50084C172 /* PhotoPicker2View.swift */; };
		C65BD5622A2B7DCB00376760 /* SoundView.swift in Sources */ = {isa = PBXBuildFile; fileRef = C65BD5612A2B7DCB00376760 /* SoundView.swift */; };
		C65BD5652A2B897D00376760 /* DoorKnock.mp3 in Resources */ = {isa = PBXBuildFile; fileRef = C65BD5642A2B897D00376760 /* DoorKnock.mp3 */; };
		C668F2F72A439F240024816D /* CoreDataWithMVVM.swift in Sources */ = {isa = PBXBuildFile; fileRef = C668F2F62A439F230024816D /* CoreDataWithMVVM.swift */; };
		C668F2FA2A43A2210024816D /* Books.xcdatamodeld in Sources */ = {isa = PBXBuildFile; fileRef = C668F2F82A43A21F0024816D /* Books.xcdatamodeld */; };
		C67764C12A8BAABA004E57F5 /* UnevenRoundedRectangleScreen.swift in Sources */ = {isa = PBXBuildFile; fileRef = C67764C02A8BAABA004E57F5 /* UnevenRoundedRectangleScreen.swift */; };
		C6776A9D2A86BA7200737483 /* DownloadImagesView.swift in Sources */ = {isa = PBXBuildFile; fileRef = C6776A9C2A86BA7200737483 /* DownloadImagesView.swift */; };
		C6776A9F2A86BCB700737483 /* PhotoModel.swift in Sources */ = {isa = PBXBuildFile; fileRef = C6776A9E2A86BCB700737483 /* PhotoModel.swift */; };
		C6776AA12A86C01F00737483 /* DownloadImagesViewModel.swift in Sources */ = {isa = PBXBuildFile; fileRef = C6776AA02A86C01F00737483 /* DownloadImagesViewModel.swift */; };
		C6776AA32A86C5B500737483 /* PhotoModelDataService.swift in Sources */ = {isa = PBXBuildFile; fileRef = C6776AA22A86C5B500737483 /* PhotoModelDataService.swift */; };
		C67A58522B01157C00ECDDDC /* ExpandableView.swift in Sources */ = {isa = PBXBuildFile; fileRef = C67A58512B01157C00ECDDDC /* ExpandableView.swift */; };
		C67E0C3E2B01179C006FAA22 /* ThumbnailView.swift in Sources */ = {isa = PBXBuildFile; fileRef = C67E0C3D2B01179C006FAA22 /* ThumbnailView.swift */; };
		C67E0C402B0117E0006FAA22 /* ExpandedView.swift in Sources */ = {isa = PBXBuildFile; fileRef = C67E0C3F2B0117E0006FAA22 /* ExpandedView.swift */; };
		C67E0C422B014D9B006FAA22 /* ExpandableTextDemoView.swift in Sources */ = {isa = PBXBuildFile; fileRef = C67E0C412B014D9B006FAA22 /* ExpandableTextDemoView.swift */; };
		C67FA2392A2E732F0078AB80 /* LocalNotificationView.swift in Sources */ = {isa = PBXBuildFile; fileRef = C67FA2382A2E732F0078AB80 /* LocalNotificationView.swift */; };
		C68C7BAF2A52FED600A1FC14 /* DownloadWithCombineView.swift in Sources */ = {isa = PBXBuildFile; fileRef = C68C7BAE2A52FED600A1FC14 /* DownloadWithCombineView.swift */; };
		C68C7BB12A53017900A1FC14 /* PostModel.swift in Sources */ = {isa = PBXBuildFile; fileRef = C68C7BB02A53017900A1FC14 /* PostModel.swift */; };
		C68E92612A7E8B3D0030DEC5 /* SubscribersView.swift in Sources */ = {isa = PBXBuildFile; fileRef = C68E92602A7E8B3C0030DEC5 /* SubscribersView.swift */; };
		C68E92642A7EF5670030DEC5 /* FileManagerView.swift in Sources */ = {isa = PBXBuildFile; fileRef = C68E92632A7EF5670030DEC5 /* FileManagerView.swift */; };
		C68FB6962A2596C600C6B16F /* SwiftUIIntermediateApp.swift in Sources */ = {isa = PBXBuildFile; fileRef = C68FB6952A2596C600C6B16F /* SwiftUIIntermediateApp.swift */; };
		C68FB6982A2596C600C6B16F /* ContentView.swift in Sources */ = {isa = PBXBuildFile; fileRef = C68FB6972A2596C600C6B16F /* ContentView.swift */; };
		C68FB69A2A2596CA00C6B16F /* Assets.xcassets in Resources */ = {isa = PBXBuildFile; fileRef = C68FB6992A2596CA00C6B16F /* Assets.xcassets */; };
		C68FB69D2A2596CA00C6B16F /* Preview Assets.xcassets in Resources */ = {isa = PBXBuildFile; fileRef = C68FB69C2A2596CA00C6B16F /* Preview Assets.xcassets */; };
		C68FB6A42A25973300C6B16F /* LongPressGestureView.swift in Sources */ = {isa = PBXBuildFile; fileRef = C68FB6A32A25973300C6B16F /* LongPressGestureView.swift */; };
		C6A6F2A02AF7D48A00F5491C /* Expense.swift in Sources */ = {isa = PBXBuildFile; fileRef = C6A6F29F2AF7D48A00F5491C /* Expense.swift */; };
		C6A6F2A32AF7D78600F5491C /* ScrollHomeView.swift in Sources */ = {isa = PBXBuildFile; fileRef = C6A6F2A22AF7D78600F5491C /* ScrollHomeView.swift */; };
		C6AC08942AAFA51400493071 /* ImagesView.swift in Sources */ = {isa = PBXBuildFile; fileRef = C6AC08932AAFA51400493071 /* ImagesView.swift */; };
		C6ACA71D2A51E2EA00A31799 /* DownloadWithEscapingView.swift in Sources */ = {isa = PBXBuildFile; fileRef = C6ACA71C2A51E2EA00A31799 /* DownloadWithEscapingView.swift */; };
		C6AE2E1C2A4E13CA00A73E07 /* WeakSelfView.swift in Sources */ = {isa = PBXBuildFile; fileRef = C6AE2E1B2A4E13CA00A73E07 /* WeakSelfView.swift */; };
		C6AE2E1E2A4E21B400A73E07 /* TypealiasView.swift in Sources */ = {isa = PBXBuildFile; fileRef = C6AE2E1D2A4E21B400A73E07 /* TypealiasView.swift */; };
		C6BFE9352A2D1FB100B2E0F8 /* ThunderWindRain.mp3 in Resources */ = {isa = PBXBuildFile; fileRef = C6BFE9342A2D1FB100B2E0F8 /* ThunderWindRain.mp3 */; };
		C6BFE9372A2D2DA400B2E0F8 /* HapticsView.swift in Sources */ = {isa = PBXBuildFile; fileRef = C6BFE9362A2D2DA400B2E0F8 /* HapticsView.swift */; };
		C6C0359D2A3E492400931892 /* SortFilterMapView.swift in Sources */ = {isa = PBXBuildFile; fileRef = C6C0359C2A3E492400931892 /* SortFilterMapView.swift */; };
		C6C153902A50656400404D24 /* CodableView.swift in Sources */ = {isa = PBXBuildFile; fileRef = C6C1538F2A50656400404D24 /* CodableView.swift */; };
		C6C3B17C2A27F467002892E2 /* MagnificationGestureView.swift in Sources */ = {isa = PBXBuildFile; fileRef = C6C3B17B2A27F467002892E2 /* MagnificationGestureView.swift */; };
		C6C3B17E2A28263D002892E2 /* RotationGestureView.swift in Sources */ = {isa = PBXBuildFile; fileRef = C6C3B17D2A28263D002892E2 /* RotationGestureView.swift */; };
		C6C3B1802A282945002892E2 /* DragGestureView.swift in Sources */ = {isa = PBXBuildFile; fileRef = C6C3B17F2A282945002892E2 /* DragGestureView.swift */; };
		C6C3B1832A283CA5002892E2 /* DragGestureSecondView.swift in Sources */ = {isa = PBXBuildFile; fileRef = C6C3B1822A283CA5002892E2 /* DragGestureSecondView.swift */; };
		C6CC7B892A30BF6D00459242 /* ToolbarView.swift in Sources */ = {isa = PBXBuildFile; fileRef = C6CC7B882A30BF6D00459242 /* ToolbarView.swift */; };
		C6CCB7612AB1390400DA5C38 /* NetworkMonitorView.swift in Sources */ = {isa = PBXBuildFile; fileRef = C6CCB7602AB1390400DA5C38 /* NetworkMonitorView.swift */; };
		C6D11A9F2A4DC91400939F5C /* BackgroundThreadView.swift in Sources */ = {isa = PBXBuildFile; fileRef = C6D11A9E2A4DC91400939F5C /* BackgroundThreadView.swift */; };
		C6D45D7A2A26D79C00B8A8BE /* TapGestureView.swift in Sources */ = {isa = PBXBuildFile; fileRef = C6D45D792A26D79C00B8A8BE /* TapGestureView.swift */; };
		C6D5A42E2A3B93BF00318090 /* TabBarView.swift in Sources */ = {isa = PBXBuildFile; fileRef = C6D5A42D2A3B93BF00318090 /* TabBarView.swift */; };
		C6D9D02B2A2FCA6900E7B00D /* HashableView.swift in Sources */ = {isa = PBXBuildFile; fileRef = C6D9D02A2A2FCA6900E7B00D /* HashableView.swift */; };
		C6DFDAB82A2A747C00C6A78A /* MultipleSheetsView.swift in Sources */ = {isa = PBXBuildFile; fileRef = C6DFDAB72A2A747C00C6A78A /* MultipleSheetsView.swift */; };
		C6DFDABA2A2A867D00C6A78A /* MultipleSheets2View.swift in Sources */ = {isa = PBXBuildFile; fileRef = C6DFDAB92A2A867D00C6A78A /* MultipleSheets2View.swift */; };
		C6E4023C2A85682D00F220A8 /* CacheView.swift in Sources */ = {isa = PBXBuildFile; fileRef = C6E4023B2A85682D00F220A8 /* CacheView.swift */; };
		C6EAFD072A336A150049FCB7 /* NavigationStackView.swift in Sources */ = {isa = PBXBuildFile; fileRef = C6EAFD062A336A140049FCB7 /* NavigationStackView.swift */; };
		C6EBFB692A297F33009C03C5 /* ScrollViewReaderView.swift in Sources */ = {isa = PBXBuildFile; fileRef = C6EBFB682A297F33009C03C5 /* ScrollViewReaderView.swift */; };
		C6EEDED02A4637B20098E91C /* UserModel.swift in Sources */ = {isa = PBXBuildFile; fileRef = C6EEDECF2A4637B20098E91C /* UserModel.swift */; };
		C6F5A1DB2A40EB9B00203BD0 /* PhotoPickerView.swift in Sources */ = {isa = PBXBuildFile; fileRef = C6F5A1DA2A40EB9B00203BD0 /* PhotoPickerView.swift */; };
		C6F96DF22ADC5F8C006DEF8E /* AccesibilityDynamicColorsView.swift in Sources */ = {isa = PBXBuildFile; fileRef = C6F96DF12ADC5F8C006DEF8E /* AccesibilityDynamicColorsView.swift */; };
		C6FF2DDC2A53522500C22570 /* DismissKeyboardView.swift in Sources */ = {isa = PBXBuildFile; fileRef = C6FF2DDB2A53522500C22570 /* DismissKeyboardView.swift */; };
/* End PBXBuildFile section */

/* Begin PBXFileReference section */
		C60EE5CF2A41D83D0084EE26 /* AsyncAwaitView.swift */ = {isa = PBXFileReference; lastKnownFileType = sourcecode.swift; path = AsyncAwaitView.swift; sourceTree = "<group>"; };
		C620F4982A6B2EA100054A71 /* TimerView.swift */ = {isa = PBXFileReference; lastKnownFileType = sourcecode.swift; path = TimerView.swift; sourceTree = "<group>"; };
		C62471792AB1EAC600DC0C66 /* NoNetworkView.swift */ = {isa = PBXFileReference; lastKnownFileType = sourcecode.swift; path = NoNetworkView.swift; sourceTree = "<group>"; };
		C624717B2AB1F24A00DC0C66 /* NetworkView.swift */ = {isa = PBXFileReference; lastKnownFileType = sourcecode.swift; path = NetworkView.swift; sourceTree = "<group>"; };
		C62B822B2AD982190000DB0A /* AccesibilityDynamicTextView.swift */ = {isa = PBXFileReference; lastKnownFileType = sourcecode.swift; path = AccesibilityDynamicTextView.swift; sourceTree = "<group>"; };
		C62CB7752A4F67E700D7E049 /* EscapingView.swift */ = {isa = PBXFileReference; lastKnownFileType = sourcecode.swift; path = EscapingView.swift; sourceTree = "<group>"; };
		C639CA212AA937B000F7D5AC /* ContentTransitionEffectsView.swift */ = {isa = PBXFileReference; lastKnownFileType = sourcecode.swift; path = ContentTransitionEffectsView.swift; sourceTree = "<group>"; };
		C639CA242AA93B2200F7D5AC /* AnimatedTabIconsView.swift */ = {isa = PBXFileReference; lastKnownFileType = sourcecode.swift; path = AnimatedTabIconsView.swift; sourceTree = "<group>"; };
		C639CA262AA93B3900F7D5AC /* TabIconsModel.swift */ = {isa = PBXFileReference; lastKnownFileType = sourcecode.swift; path = TabIconsModel.swift; sourceTree = "<group>"; };
		C639CA282AA9405D00F7D5AC /* Tab.swift */ = {isa = PBXFileReference; lastKnownFileType = sourcecode.swift; path = Tab.swift; sourceTree = "<group>"; };
		C639CA2A2AA9419400F7D5AC /* HomeView.swift */ = {isa = PBXFileReference; lastKnownFileType = sourcecode.swift; path = HomeView.swift; sourceTree = "<group>"; };
		C63D13E72AAE73170058F567 /* PhoneCallView.swift */ = {isa = PBXFileReference; lastKnownFileType = sourcecode.swift; path = PhoneCallView.swift; sourceTree = "<group>"; };
		C63E345F2AB91D1D009C8BAE /* TransparentBlurView.swift */ = {isa = PBXFileReference; lastKnownFileType = sourcecode.swift; path = TransparentBlurView.swift; sourceTree = "<group>"; };
		C63E34622AB9374F009C8BAE /* BudgetModel.swift */ = {isa = PBXFileReference; lastKnownFileType = sourcecode.swift; path = BudgetModel.swift; sourceTree = "<group>"; };
		C64DC50E2A42785F00C1B773 /* SearchWithAPICallView.swift */ = {isa = PBXFileReference; lastKnownFileType = sourcecode.swift; path = SearchWithAPICallView.swift; sourceTree = "<group>"; };
		C65031F12A2A29F3007623FB /* MaskView.swift */ = {isa = PBXFileReference; lastKnownFileType = sourcecode.swift; path = MaskView.swift; sourceTree = "<group>"; };
		C6591EF92A298EDC0054800C /* GeometryReeaderView.swift */ = {isa = PBXFileReference; lastKnownFileType = sourcecode.swift; path = GeometryReeaderView.swift; sourceTree = "<group>"; };
		C6591EFB2A2993A40054800C /* GeometryReader2View.swift */ = {isa = PBXFileReference; lastKnownFileType = sourcecode.swift; path = GeometryReader2View.swift; sourceTree = "<group>"; };
		C65A35452AF134F20084C172 /* KeyPathsView.swift */ = {isa = PBXFileReference; lastKnownFileType = sourcecode.swift; path = KeyPathsView.swift; sourceTree = "<group>"; };
		C65A35472AF13EB50084C172 /* PhotoPicker2View.swift */ = {isa = PBXFileReference; lastKnownFileType = sourcecode.swift; path = PhotoPicker2View.swift; sourceTree = "<group>"; };
		C65BD5612A2B7DCB00376760 /* SoundView.swift */ = {isa = PBXFileReference; lastKnownFileType = sourcecode.swift; path = SoundView.swift; sourceTree = "<group>"; };
		C65BD5642A2B897D00376760 /* DoorKnock.mp3 */ = {isa = PBXFileReference; lastKnownFileType = audio.mp3; path = DoorKnock.mp3; sourceTree = "<group>"; };
		C668F2F62A439F230024816D /* CoreDataWithMVVM.swift */ = {isa = PBXFileReference; lastKnownFileType = sourcecode.swift; path = CoreDataWithMVVM.swift; sourceTree = "<group>"; };
		C668F2F92A43A2210024816D /* Books.xcdatamodel */ = {isa = PBXFileReference; lastKnownFileType = wrapper.xcdatamodel; path = Books.xcdatamodel; sourceTree = "<group>"; };
		C67764C02A8BAABA004E57F5 /* UnevenRoundedRectangleScreen.swift */ = {isa = PBXFileReference; lastKnownFileType = sourcecode.swift; path = UnevenRoundedRectangleScreen.swift; sourceTree = "<group>"; };
		C6776A9C2A86BA7200737483 /* DownloadImagesView.swift */ = {isa = PBXFileReference; lastKnownFileType = sourcecode.swift; path = DownloadImagesView.swift; sourceTree = "<group>"; };
		C6776A9E2A86BCB700737483 /* PhotoModel.swift */ = {isa = PBXFileReference; lastKnownFileType = sourcecode.swift; path = PhotoModel.swift; sourceTree = "<group>"; };
		C6776AA02A86C01F00737483 /* DownloadImagesViewModel.swift */ = {isa = PBXFileReference; lastKnownFileType = sourcecode.swift; path = DownloadImagesViewModel.swift; sourceTree = "<group>"; };
		C6776AA22A86C5B500737483 /* PhotoModelDataService.swift */ = {isa = PBXFileReference; lastKnownFileType = sourcecode.swift; path = PhotoModelDataService.swift; sourceTree = "<group>"; };
		C67A58512B01157C00ECDDDC /* ExpandableView.swift */ = {isa = PBXFileReference; lastKnownFileType = sourcecode.swift; path = ExpandableView.swift; sourceTree = "<group>"; };
		C67E0C3D2B01179C006FAA22 /* ThumbnailView.swift */ = {isa = PBXFileReference; lastKnownFileType = sourcecode.swift; path = ThumbnailView.swift; sourceTree = "<group>"; };
		C67E0C3F2B0117E0006FAA22 /* ExpandedView.swift */ = {isa = PBXFileReference; lastKnownFileType = sourcecode.swift; path = ExpandedView.swift; sourceTree = "<group>"; };
		C67E0C412B014D9B006FAA22 /* ExpandableTextDemoView.swift */ = {isa = PBXFileReference; lastKnownFileType = sourcecode.swift; path = ExpandableTextDemoView.swift; sourceTree = "<group>"; };
		C67FA2382A2E732F0078AB80 /* LocalNotificationView.swift */ = {isa = PBXFileReference; lastKnownFileType = sourcecode.swift; path = LocalNotificationView.swift; sourceTree = "<group>"; };
		C68C7BAE2A52FED600A1FC14 /* DownloadWithCombineView.swift */ = {isa = PBXFileReference; lastKnownFileType = sourcecode.swift; path = DownloadWithCombineView.swift; sourceTree = "<group>"; };
		C68C7BB02A53017900A1FC14 /* PostModel.swift */ = {isa = PBXFileReference; lastKnownFileType = sourcecode.swift; path = PostModel.swift; sourceTree = "<group>"; };
		C68E92602A7E8B3C0030DEC5 /* SubscribersView.swift */ = {isa = PBXFileReference; lastKnownFileType = sourcecode.swift; path = SubscribersView.swift; sourceTree = "<group>"; };
		C68E92632A7EF5670030DEC5 /* FileManagerView.swift */ = {isa = PBXFileReference; lastKnownFileType = sourcecode.swift; path = FileManagerView.swift; sourceTree = "<group>"; };
		C68FB6922A2596C600C6B16F /* SwiftUIIntermediate.app */ = {isa = PBXFileReference; explicitFileType = wrapper.application; includeInIndex = 0; path = SwiftUIIntermediate.app; sourceTree = BUILT_PRODUCTS_DIR; };
		C68FB6952A2596C600C6B16F /* SwiftUIIntermediateApp.swift */ = {isa = PBXFileReference; lastKnownFileType = sourcecode.swift; path = SwiftUIIntermediateApp.swift; sourceTree = "<group>"; };
		C68FB6972A2596C600C6B16F /* ContentView.swift */ = {isa = PBXFileReference; lastKnownFileType = sourcecode.swift; path = ContentView.swift; sourceTree = "<group>"; };
		C68FB6992A2596CA00C6B16F /* Assets.xcassets */ = {isa = PBXFileReference; lastKnownFileType = folder.assetcatalog; path = Assets.xcassets; sourceTree = "<group>"; };
		C68FB69C2A2596CA00C6B16F /* Preview Assets.xcassets */ = {isa = PBXFileReference; lastKnownFileType = folder.assetcatalog; path = "Preview Assets.xcassets"; sourceTree = "<group>"; };
		C68FB6A32A25973300C6B16F /* LongPressGestureView.swift */ = {isa = PBXFileReference; lastKnownFileType = sourcecode.swift; path = LongPressGestureView.swift; sourceTree = "<group>"; };
		C6A6F29F2AF7D48A00F5491C /* Expense.swift */ = {isa = PBXFileReference; lastKnownFileType = sourcecode.swift; path = Expense.swift; sourceTree = "<group>"; };
		C6A6F2A22AF7D78600F5491C /* ScrollHomeView.swift */ = {isa = PBXFileReference; lastKnownFileType = sourcecode.swift; path = ScrollHomeView.swift; sourceTree = "<group>"; };
		C6AC08932AAFA51400493071 /* ImagesView.swift */ = {isa = PBXFileReference; lastKnownFileType = sourcecode.swift; path = ImagesView.swift; sourceTree = "<group>"; };
		C6ACA71C2A51E2EA00A31799 /* DownloadWithEscapingView.swift */ = {isa = PBXFileReference; lastKnownFileType = sourcecode.swift; path = DownloadWithEscapingView.swift; sourceTree = "<group>"; };
		C6AE2E1B2A4E13CA00A73E07 /* WeakSelfView.swift */ = {isa = PBXFileReference; lastKnownFileType = sourcecode.swift; path = WeakSelfView.swift; sourceTree = "<group>"; };
		C6AE2E1D2A4E21B400A73E07 /* TypealiasView.swift */ = {isa = PBXFileReference; lastKnownFileType = sourcecode.swift; path = TypealiasView.swift; sourceTree = "<group>"; };
		C6BFE9342A2D1FB100B2E0F8 /* ThunderWindRain.mp3 */ = {isa = PBXFileReference; lastKnownFileType = audio.mp3; path = ThunderWindRain.mp3; sourceTree = "<group>"; };
		C6BFE9362A2D2DA400B2E0F8 /* HapticsView.swift */ = {isa = PBXFileReference; lastKnownFileType = sourcecode.swift; path = HapticsView.swift; sourceTree = "<group>"; };
		C6C0359C2A3E492400931892 /* SortFilterMapView.swift */ = {isa = PBXFileReference; lastKnownFileType = sourcecode.swift; path = SortFilterMapView.swift; sourceTree = "<group>"; };
		C6C1538F2A50656400404D24 /* CodableView.swift */ = {isa = PBXFileReference; lastKnownFileType = sourcecode.swift; path = CodableView.swift; sourceTree = "<group>"; };
		C6C3B17B2A27F467002892E2 /* MagnificationGestureView.swift */ = {isa = PBXFileReference; lastKnownFileType = sourcecode.swift; path = MagnificationGestureView.swift; sourceTree = "<group>"; };
		C6C3B17D2A28263D002892E2 /* RotationGestureView.swift */ = {isa = PBXFileReference; lastKnownFileType = sourcecode.swift; path = RotationGestureView.swift; sourceTree = "<group>"; };
		C6C3B17F2A282945002892E2 /* DragGestureView.swift */ = {isa = PBXFileReference; lastKnownFileType = sourcecode.swift; path = DragGestureView.swift; sourceTree = "<group>"; };
		C6C3B1822A283CA5002892E2 /* DragGestureSecondView.swift */ = {isa = PBXFileReference; lastKnownFileType = sourcecode.swift; path = DragGestureSecondView.swift; sourceTree = "<group>"; };
		C6CC7B882A30BF6D00459242 /* ToolbarView.swift */ = {isa = PBXFileReference; lastKnownFileType = sourcecode.swift; path = ToolbarView.swift; sourceTree = "<group>"; };
		C6CCB7602AB1390400DA5C38 /* NetworkMonitorView.swift */ = {isa = PBXFileReference; lastKnownFileType = sourcecode.swift; path = NetworkMonitorView.swift; sourceTree = "<group>"; };
		C6D11A9E2A4DC91400939F5C /* BackgroundThreadView.swift */ = {isa = PBXFileReference; lastKnownFileType = sourcecode.swift; path = BackgroundThreadView.swift; sourceTree = "<group>"; };
		C6D45D792A26D79C00B8A8BE /* TapGestureView.swift */ = {isa = PBXFileReference; lastKnownFileType = sourcecode.swift; path = TapGestureView.swift; sourceTree = "<group>"; };
		C6D5A42D2A3B93BF00318090 /* TabBarView.swift */ = {isa = PBXFileReference; lastKnownFileType = sourcecode.swift; path = TabBarView.swift; sourceTree = "<group>"; };
		C6D9D02A2A2FCA6900E7B00D /* HashableView.swift */ = {isa = PBXFileReference; lastKnownFileType = sourcecode.swift; path = HashableView.swift; sourceTree = "<group>"; };
		C6DFDAB72A2A747C00C6A78A /* MultipleSheetsView.swift */ = {isa = PBXFileReference; lastKnownFileType = sourcecode.swift; path = MultipleSheetsView.swift; sourceTree = "<group>"; };
		C6DFDAB92A2A867D00C6A78A /* MultipleSheets2View.swift */ = {isa = PBXFileReference; lastKnownFileType = sourcecode.swift; path = MultipleSheets2View.swift; sourceTree = "<group>"; };
		C6E4023B2A85682D00F220A8 /* CacheView.swift */ = {isa = PBXFileReference; lastKnownFileType = sourcecode.swift; path = CacheView.swift; sourceTree = "<group>"; };
		C6EAFD062A336A140049FCB7 /* NavigationStackView.swift */ = {isa = PBXFileReference; lastKnownFileType = sourcecode.swift; path = NavigationStackView.swift; sourceTree = "<group>"; };
		C6EBFB682A297F33009C03C5 /* ScrollViewReaderView.swift */ = {isa = PBXFileReference; lastKnownFileType = sourcecode.swift; path = ScrollViewReaderView.swift; sourceTree = "<group>"; };
		C6EEDECF2A4637B20098E91C /* UserModel.swift */ = {isa = PBXFileReference; lastKnownFileType = sourcecode.swift; path = UserModel.swift; sourceTree = "<group>"; };
		C6F5A1DA2A40EB9B00203BD0 /* PhotoPickerView.swift */ = {isa = PBXFileReference; lastKnownFileType = sourcecode.swift; path = PhotoPickerView.swift; sourceTree = "<group>"; };
		C6F96DF12ADC5F8C006DEF8E /* AccesibilityDynamicColorsView.swift */ = {isa = PBXFileReference; lastKnownFileType = sourcecode.swift; path = AccesibilityDynamicColorsView.swift; sourceTree = "<group>"; };
		C6FF2DDB2A53522500C22570 /* DismissKeyboardView.swift */ = {isa = PBXFileReference; lastKnownFileType = sourcecode.swift; path = DismissKeyboardView.swift; sourceTree = "<group>"; };
/* End PBXFileReference section */

/* Begin PBXFrameworksBuildPhase section */
		C68FB68F2A2596C600C6B16F /* Frameworks */ = {
			isa = PBXFrameworksBuildPhase;
			buildActionMask = 2147483647;
			files = (
			);
			runOnlyForDeploymentPostprocessing = 0;
		};
/* End PBXFrameworksBuildPhase section */

/* Begin PBXGroup section */
		C60EE5CE2A41D8130084EE26 /* Network calls */ = {
			isa = PBXGroup;
			children = (
				C62CB7752A4F67E700D7E049 /* EscapingView.swift */,
				C6C1538F2A50656400404D24 /* CodableView.swift */,
				C6ACA71C2A51E2EA00A31799 /* DownloadWithEscapingView.swift */,
				C68C7BAE2A52FED600A1FC14 /* DownloadWithCombineView.swift */,
				C60EE5CF2A41D83D0084EE26 /* AsyncAwaitView.swift */,
				C64DC50E2A42785F00C1B773 /* SearchWithAPICallView.swift */,
				C6EEDECF2A4637B20098E91C /* UserModel.swift */,
				C68C7BB02A53017900A1FC14 /* PostModel.swift */,
			);
			path = "Network calls";
			sourceTree = "<group>";
		};
		C62B822A2AD981EE0000DB0A /* Accesibility */ = {
			isa = PBXGroup;
			children = (
				C62B822B2AD982190000DB0A /* AccesibilityDynamicTextView.swift */,
				C6F96DF12ADC5F8C006DEF8E /* AccesibilityDynamicColorsView.swift */,
			);
			path = Accesibility;
			sourceTree = "<group>";
		};
		C639CA232AA93B0F00F7D5AC /* AnimatedTabicons */ = {
			isa = PBXGroup;
			children = (
				C639CA242AA93B2200F7D5AC /* AnimatedTabIconsView.swift */,
				C639CA262AA93B3900F7D5AC /* TabIconsModel.swift */,
				C639CA282AA9405D00F7D5AC /* Tab.swift */,
				C639CA2A2AA9419400F7D5AC /* HomeView.swift */,
			);
			path = AnimatedTabicons;
			sourceTree = "<group>";
		};
		C63D13E62AAE73020058F567 /* Utiles */ = {
			isa = PBXGroup;
			children = (
				C63D13E72AAE73170058F567 /* PhoneCallView.swift */,
			);
			path = Utiles;
			sourceTree = "<group>";
		};
		C63E34612AB93721009C8BAE /* SwiftData budget */ = {
			isa = PBXGroup;
			children = (
				C63E34622AB9374F009C8BAE /* BudgetModel.swift */,
			);
			path = "SwiftData budget";
			sourceTree = "<group>";
		};
		C64DC5102A428B0800C1B773 /* Photo Picker iOS 17 */ = {
			isa = PBXGroup;
			children = (
				C6F5A1DA2A40EB9B00203BD0 /* PhotoPickerView.swift */,
				C65A35472AF13EB50084C172 /* PhotoPicker2View.swift */,
			);
			path = "Photo Picker iOS 17";
			sourceTree = "<group>";
		};
		C65031F02A2A2941007623FB /* Readers */ = {
			isa = PBXGroup;
			children = (
				C6EBFB682A297F33009C03C5 /* ScrollViewReaderView.swift */,
				C6591EF92A298EDC0054800C /* GeometryReeaderView.swift */,
				C6591EFB2A2993A40054800C /* GeometryReader2View.swift */,
			);
			path = Readers;
			sourceTree = "<group>";
		};
		C65BD5632A2B895E00376760 /* Sounds */ = {
			isa = PBXGroup;
			children = (
				C65BD5642A2B897D00376760 /* DoorKnock.mp3 */,
				C6BFE9342A2D1FB100B2E0F8 /* ThunderWindRain.mp3 */,
			);
			path = Sounds;
			sourceTree = "<group>";
		};
		C668F2F52A439F020024816D /* Core Data */ = {
			isa = PBXGroup;
			children = (
				C668F2F62A439F230024816D /* CoreDataWithMVVM.swift */,
				C668F2F82A43A21F0024816D /* Books.xcdatamodeld */,
			);
			path = "Core Data";
			sourceTree = "<group>";
		};
		C67764C22A8BB419004E57F5 /* iOS 17 */ = {
			isa = PBXGroup;
			children = (
				C67E0C3C2B011781006FAA22 /* Expandable Text */,
				C6A6F29D2AF7D46200F5491C /* Scroll Animations */,
				C63E34612AB93721009C8BAE /* SwiftData budget */,
				C67764C02A8BAABA004E57F5 /* UnevenRoundedRectangleScreen.swift */,
				C639CA212AA937B000F7D5AC /* ContentTransitionEffectsView.swift */,
				C639CA232AA93B0F00F7D5AC /* AnimatedTabicons */,
				C6AC08932AAFA51400493071 /* ImagesView.swift */,
				C6CCB7602AB1390400DA5C38 /* NetworkMonitorView.swift */,
				C62471792AB1EAC600DC0C66 /* NoNetworkView.swift */,
				C624717B2AB1F24A00DC0C66 /* NetworkView.swift */,
				C63E345F2AB91D1D009C8BAE /* TransparentBlurView.swift */,
			);
			path = "iOS 17";
			sourceTree = "<group>";
		};
		C67E0C3C2B011781006FAA22 /* Expandable Text */ = {
			isa = PBXGroup;
			children = (
				C67A58512B01157C00ECDDDC /* ExpandableView.swift */,
				C67E0C3D2B01179C006FAA22 /* ThumbnailView.swift */,
				C67E0C3F2B0117E0006FAA22 /* ExpandedView.swift */,
				C67E0C412B014D9B006FAA22 /* ExpandableTextDemoView.swift */,
			);
			path = "Expandable Text";
			sourceTree = "<group>";
		};
		C68E925F2A7E8B140030DEC5 /* Combine */ = {
			isa = PBXGroup;
			children = (
				C68E92602A7E8B3C0030DEC5 /* SubscribersView.swift */,
			);
			path = Combine;
			sourceTree = "<group>";
		};
		C68E92622A7EF5500030DEC5 /* File Manager */ = {
			isa = PBXGroup;
			children = (
				C68E92632A7EF5670030DEC5 /* FileManagerView.swift */,
			);
			path = "File Manager";
			sourceTree = "<group>";
		};
		C68FB6892A2596C600C6B16F = {
			isa = PBXGroup;
			children = (
				C68FB6942A2596C600C6B16F /* SwiftUIIntermediate */,
				C68FB6932A2596C600C6B16F /* Products */,
			);
			sourceTree = "<group>";
		};
		C68FB6932A2596C600C6B16F /* Products */ = {
			isa = PBXGroup;
			children = (
				C68FB6922A2596C600C6B16F /* SwiftUIIntermediate.app */,
			);
			name = Products;
			sourceTree = "<group>";
		};
		C68FB6942A2596C600C6B16F /* SwiftUIIntermediate */ = {
			isa = PBXGroup;
			children = (
				C63D13E62AAE73020058F567 /* Utiles */,
				C68FB6952A2596C600C6B16F /* SwiftUIIntermediateApp.swift */,
				C68FB6972A2596C600C6B16F /* ContentView.swift */,
				C6C3B1812A28294E002892E2 /* Gestures */,
				C65031F02A2A2941007623FB /* Readers */,
				C6DFDABB2A2A8A1000C6A78A /* Sheets */,
				C6DFDABC2A2A8A2A00C6A78A /* Mask */,
				C6BFE9382A2D309300B2E0F8 /* Sound & Haptics */,
				C6D9D0292A2FCA4900E7B00D /* Local Notifications */,
				C6CC7B8A2A30DCBE00459242 /* Bars */,
				C64DC5102A428B0800C1B773 /* Photo Picker iOS 17 */,
				C668F2F52A439F020024816D /* Core Data */,
				C6CC7B8B2A30DD0A00459242 /* Coding */,
				C60EE5CE2A41D8130084EE26 /* Network calls */,
				C6FF2DDA2A53520000C22570 /* Varios */,
				C68E925F2A7E8B140030DEC5 /* Combine */,
				C68E92622A7EF5500030DEC5 /* File Manager */,
				C6E4023A2A85680800F220A8 /* Cache Images */,
				C62B822A2AD981EE0000DB0A /* Accesibility */,
				C67764C22A8BB419004E57F5 /* iOS 17 */,
				C68FB6992A2596CA00C6B16F /* Assets.xcassets */,
				C65BD5632A2B895E00376760 /* Sounds */,
				C68FB69B2A2596CA00C6B16F /* Preview Content */,
			);
			path = SwiftUIIntermediate;
			sourceTree = "<group>";
		};
		C68FB69B2A2596CA00C6B16F /* Preview Content */ = {
			isa = PBXGroup;
			children = (
				C68FB69C2A2596CA00C6B16F /* Preview Assets.xcassets */,
			);
			path = "Preview Content";
			sourceTree = "<group>";
		};
		C6A6F29D2AF7D46200F5491C /* Scroll Animations */ = {
			isa = PBXGroup;
			children = (
				C6A6F2A12AF7D76E00F5491C /* View */,
				C6A6F29E2AF7D47000F5491C /* Model */,
			);
			path = "Scroll Animations";
			sourceTree = "<group>";
		};
		C6A6F29E2AF7D47000F5491C /* Model */ = {
			isa = PBXGroup;
			children = (
				C6A6F29F2AF7D48A00F5491C /* Expense.swift */,
			);
			path = Model;
			sourceTree = "<group>";
		};
		C6A6F2A12AF7D76E00F5491C /* View */ = {
			isa = PBXGroup;
			children = (
				C6A6F2A22AF7D78600F5491C /* ScrollHomeView.swift */,
			);
			path = View;
			sourceTree = "<group>";
		};
		C6BFE9382A2D309300B2E0F8 /* Sound & Haptics */ = {
			isa = PBXGroup;
			children = (
				C65BD5612A2B7DCB00376760 /* SoundView.swift */,
				C6BFE9362A2D2DA400B2E0F8 /* HapticsView.swift */,
			);
			path = "Sound & Haptics";
			sourceTree = "<group>";
		};
		C6C3B1812A28294E002892E2 /* Gestures */ = {
			isa = PBXGroup;
			children = (
				C6D45D792A26D79C00B8A8BE /* TapGestureView.swift */,
				C68FB6A32A25973300C6B16F /* LongPressGestureView.swift */,
				C6C3B17B2A27F467002892E2 /* MagnificationGestureView.swift */,
				C6C3B17D2A28263D002892E2 /* RotationGestureView.swift */,
				C6C3B17F2A282945002892E2 /* DragGestureView.swift */,
				C6C3B1822A283CA5002892E2 /* DragGestureSecondView.swift */,
			);
			path = Gestures;
			sourceTree = "<group>";
		};
		C6CC7B8A2A30DCBE00459242 /* Bars */ = {
			isa = PBXGroup;
			children = (
				C6CC7B882A30BF6D00459242 /* ToolbarView.swift */,
				C6EAFD062A336A140049FCB7 /* NavigationStackView.swift */,
				C6D5A42D2A3B93BF00318090 /* TabBarView.swift */,
			);
			path = Bars;
			sourceTree = "<group>";
		};
		C6CC7B8B2A30DD0A00459242 /* Coding */ = {
			isa = PBXGroup;
			children = (
				C6D9D02A2A2FCA6900E7B00D /* HashableView.swift */,
				C6C0359C2A3E492400931892 /* SortFilterMapView.swift */,
				C6D11A9E2A4DC91400939F5C /* BackgroundThreadView.swift */,
				C6AE2E1B2A4E13CA00A73E07 /* WeakSelfView.swift */,
				C6AE2E1D2A4E21B400A73E07 /* TypealiasView.swift */,
				C620F4982A6B2EA100054A71 /* TimerView.swift */,
				C65A35452AF134F20084C172 /* KeyPathsView.swift */,
			);
			path = Coding;
			sourceTree = "<group>";
		};
		C6D9D0292A2FCA4900E7B00D /* Local Notifications */ = {
			isa = PBXGroup;
			children = (
				C67FA2382A2E732F0078AB80 /* LocalNotificationView.swift */,
			);
			path = "Local Notifications";
			sourceTree = "<group>";
		};
		C6DFDABB2A2A8A1000C6A78A /* Sheets */ = {
			isa = PBXGroup;
			children = (
				C6DFDAB72A2A747C00C6A78A /* MultipleSheetsView.swift */,
				C6DFDAB92A2A867D00C6A78A /* MultipleSheets2View.swift */,
			);
			path = Sheets;
			sourceTree = "<group>";
		};
		C6DFDABC2A2A8A2A00C6A78A /* Mask */ = {
			isa = PBXGroup;
			children = (
				C65031F12A2A29F3007623FB /* MaskView.swift */,
			);
			path = Mask;
			sourceTree = "<group>";
		};
		C6E4023A2A85680800F220A8 /* Cache Images */ = {
			isa = PBXGroup;
			children = (
				C6E4023B2A85682D00F220A8 /* CacheView.swift */,
				C6776A9C2A86BA7200737483 /* DownloadImagesView.swift */,
				C6776A9E2A86BCB700737483 /* PhotoModel.swift */,
				C6776AA02A86C01F00737483 /* DownloadImagesViewModel.swift */,
				C6776AA22A86C5B500737483 /* PhotoModelDataService.swift */,
			);
			path = "Cache Images";
			sourceTree = "<group>";
		};
		C6FF2DDA2A53520000C22570 /* Varios */ = {
			isa = PBXGroup;
			children = (
				C6FF2DDB2A53522500C22570 /* DismissKeyboardView.swift */,
			);
			path = Varios;
			sourceTree = "<group>";
		};
/* End PBXGroup section */

/* Begin PBXNativeTarget section */
		C68FB6912A2596C600C6B16F /* SwiftUIIntermediate */ = {
			isa = PBXNativeTarget;
			buildConfigurationList = C68FB6A02A2596CA00C6B16F /* Build configuration list for PBXNativeTarget "SwiftUIIntermediate" */;
			buildPhases = (
				C68FB68E2A2596C600C6B16F /* Sources */,
				C68FB68F2A2596C600C6B16F /* Frameworks */,
				C68FB6902A2596C600C6B16F /* Resources */,
			);
			buildRules = (
			);
			dependencies = (
			);
			name = SwiftUIIntermediate;
			productName = SwiftUIIntermediate;
			productReference = C68FB6922A2596C600C6B16F /* SwiftUIIntermediate.app */;
			productType = "com.apple.product-type.application";
		};
/* End PBXNativeTarget section */

/* Begin PBXProject section */
		C68FB68A2A2596C600C6B16F /* Project object */ = {
			isa = PBXProject;
			attributes = {
				BuildIndependentTargetsInParallel = 1;
				LastSwiftUpdateCheck = 1430;
				LastUpgradeCheck = 1500;
				TargetAttributes = {
					C68FB6912A2596C600C6B16F = {
						CreatedOnToolsVersion = 14.3;
					};
				};
			};
			buildConfigurationList = C68FB68D2A2596C600C6B16F /* Build configuration list for PBXProject "SwiftUIIntermediate" */;
			compatibilityVersion = "Xcode 14.0";
			developmentRegion = en;
			hasScannedForEncodings = 0;
			knownRegions = (
				en,
				Base,
			);
			mainGroup = C68FB6892A2596C600C6B16F;
			productRefGroup = C68FB6932A2596C600C6B16F /* Products */;
			projectDirPath = "";
			projectRoot = "";
			targets = (
				C68FB6912A2596C600C6B16F /* SwiftUIIntermediate */,
			);
		};
/* End PBXProject section */

/* Begin PBXResourcesBuildPhase section */
		C68FB6902A2596C600C6B16F /* Resources */ = {
			isa = PBXResourcesBuildPhase;
			buildActionMask = 2147483647;
			files = (
				C68FB69D2A2596CA00C6B16F /* Preview Assets.xcassets in Resources */,
				C65BD5652A2B897D00376760 /* DoorKnock.mp3 in Resources */,
				C68FB69A2A2596CA00C6B16F /* Assets.xcassets in Resources */,
				C6BFE9352A2D1FB100B2E0F8 /* ThunderWindRain.mp3 in Resources */,
			);
			runOnlyForDeploymentPostprocessing = 0;
		};
/* End PBXResourcesBuildPhase section */

/* Begin PBXSourcesBuildPhase section */
		C68FB68E2A2596C600C6B16F /* Sources */ = {
			isa = PBXSourcesBuildPhase;
			buildActionMask = 2147483647;
			files = (
				C6D9D02B2A2FCA6900E7B00D /* HashableView.swift in Sources */,
				C68C7BB12A53017900A1FC14 /* PostModel.swift in Sources */,
				C624717A2AB1EAC700DC0C66 /* NoNetworkView.swift in Sources */,
				C668F2FA2A43A2210024816D /* Books.xcdatamodeld in Sources */,
				C63E34632AB9374F009C8BAE /* BudgetModel.swift in Sources */,
				C6D45D7A2A26D79C00B8A8BE /* TapGestureView.swift in Sources */,
				C6DFDABA2A2A867D00C6A78A /* MultipleSheets2View.swift in Sources */,
				C6D11A9F2A4DC91400939F5C /* BackgroundThreadView.swift in Sources */,
				C68FB6982A2596C600C6B16F /* ContentView.swift in Sources */,
				C67E0C3E2B01179C006FAA22 /* ThumbnailView.swift in Sources */,
				C639CA292AA9405D00F7D5AC /* Tab.swift in Sources */,
				C624717C2AB1F24A00DC0C66 /* NetworkView.swift in Sources */,
				C6FF2DDC2A53522500C22570 /* DismissKeyboardView.swift in Sources */,
				C6BFE9372A2D2DA400B2E0F8 /* HapticsView.swift in Sources */,
				C6A6F2A32AF7D78600F5491C /* ScrollHomeView.swift in Sources */,
				C6F96DF22ADC5F8C006DEF8E /* AccesibilityDynamicColorsView.swift in Sources */,
				C6C3B1832A283CA5002892E2 /* DragGestureSecondView.swift in Sources */,
				C63D13E82AAE73170058F567 /* PhoneCallView.swift in Sources */,
				C620F4992A6B2EA100054A71 /* TimerView.swift in Sources */,
				C60EE5D02A41D83D0084EE26 /* AsyncAwaitView.swift in Sources */,
				C6776A9D2A86BA7200737483 /* DownloadImagesView.swift in Sources */,
				C6ACA71D2A51E2EA00A31799 /* DownloadWithEscapingView.swift in Sources */,
				C6F5A1DB2A40EB9B00203BD0 /* PhotoPickerView.swift in Sources */,
				C6C153902A50656400404D24 /* CodableView.swift in Sources */,
				C6AE2E1C2A4E13CA00A73E07 /* WeakSelfView.swift in Sources */,
				C6EBFB692A297F33009C03C5 /* ScrollViewReaderView.swift in Sources */,
				C67764C12A8BAABA004E57F5 /* UnevenRoundedRectangleScreen.swift in Sources */,
				C6776AA32A86C5B500737483 /* PhotoModelDataService.swift in Sources */,
				C64DC50F2A42785F00C1B773 /* SearchWithAPICallView.swift in Sources */,
				C668F2F72A439F240024816D /* CoreDataWithMVVM.swift in Sources */,
				C65BD5622A2B7DCB00376760 /* SoundView.swift in Sources */,
				C6C3B17C2A27F467002892E2 /* MagnificationGestureView.swift in Sources */,
				C6C3B1802A282945002892E2 /* DragGestureView.swift in Sources */,
				C639CA272AA93B3900F7D5AC /* TabIconsModel.swift in Sources */,
				C65A35482AF13EB50084C172 /* PhotoPicker2View.swift in Sources */,
				C68E92642A7EF5670030DEC5 /* FileManagerView.swift in Sources */,
				C639CA222AA937B000F7D5AC /* ContentTransitionEffectsView.swift in Sources */,
				C6DFDAB82A2A747C00C6A78A /* MultipleSheetsView.swift in Sources */,
				C62CB7762A4F67E700D7E049 /* EscapingView.swift in Sources */,
				C68FB6962A2596C600C6B16F /* SwiftUIIntermediateApp.swift in Sources */,
				C67E0C422B014D9B006FAA22 /* ExpandableTextDemoView.swift in Sources */,
				C67FA2392A2E732F0078AB80 /* LocalNotificationView.swift in Sources */,
				C6EAFD072A336A150049FCB7 /* NavigationStackView.swift in Sources */,
				C6CCB7612AB1390400DA5C38 /* NetworkMonitorView.swift in Sources */,
				C6776A9F2A86BCB700737483 /* PhotoModel.swift in Sources */,
				C6A6F2A02AF7D48A00F5491C /* Expense.swift in Sources */,
				C6591EFC2A2993A40054800C /* GeometryReader2View.swift in Sources */,
				C6776AA12A86C01F00737483 /* DownloadImagesViewModel.swift in Sources */,
				C6AC08942AAFA51400493071 /* ImagesView.swift in Sources */,
				C6E4023C2A85682D00F220A8 /* CacheView.swift in Sources */,
				C62B822C2AD982190000DB0A /* AccesibilityDynamicTextView.swift in Sources */,
				C63E34602AB91D1D009C8BAE /* TransparentBlurView.swift in Sources */,
				C6C0359D2A3E492400931892 /* SortFilterMapView.swift in Sources */,
				C639CA2B2AA9419400F7D5AC /* HomeView.swift in Sources */,
				C65A35462AF134F20084C172 /* KeyPathsView.swift in Sources */,
				C65031F22A2A29F3007623FB /* MaskView.swift in Sources */,
				C639CA252AA93B2200F7D5AC /* AnimatedTabIconsView.swift in Sources */,
				C6EEDED02A4637B20098E91C /* UserModel.swift in Sources */,
				C68C7BAF2A52FED600A1FC14 /* DownloadWithCombineView.swift in Sources */,
				C67A58522B01157C00ECDDDC /* ExpandableView.swift in Sources */,
				C6D5A42E2A3B93BF00318090 /* TabBarView.swift in Sources */,
				C6AE2E1E2A4E21B400A73E07 /* TypealiasView.swift in Sources */,
				C6C3B17E2A28263D002892E2 /* RotationGestureView.swift in Sources */,
				C68FB6A42A25973300C6B16F /* LongPressGestureView.swift in Sources */,
				C68E92612A7E8B3D0030DEC5 /* SubscribersView.swift in Sources */,
				C67E0C402B0117E0006FAA22 /* ExpandedView.swift in Sources */,
				C6CC7B892A30BF6D00459242 /* ToolbarView.swift in Sources */,
				C6591EFA2A298EDC0054800C /* GeometryReeaderView.swift in Sources */,
			);
			runOnlyForDeploymentPostprocessing = 0;
		};
/* End PBXSourcesBuildPhase section */

/* Begin XCBuildConfiguration section */
		C68FB69E2A2596CA00C6B16F /* Debug */ = {
			isa = XCBuildConfiguration;
			buildSettings = {
				ALWAYS_SEARCH_USER_PATHS = NO;
				ASSETCATALOG_COMPILER_GENERATE_SWIFT_ASSET_SYMBOL_EXTENSIONS = YES;
				CLANG_ANALYZER_NONNULL = YES;
				CLANG_ANALYZER_NUMBER_OBJECT_CONVERSION = YES_AGGRESSIVE;
				CLANG_CXX_LANGUAGE_STANDARD = "gnu++20";
				CLANG_ENABLE_MODULES = YES;
				CLANG_ENABLE_OBJC_ARC = YES;
				CLANG_ENABLE_OBJC_WEAK = YES;
				CLANG_WARN_BLOCK_CAPTURE_AUTORELEASING = YES;
				CLANG_WARN_BOOL_CONVERSION = YES;
				CLANG_WARN_COMMA = YES;
				CLANG_WARN_CONSTANT_CONVERSION = YES;
				CLANG_WARN_DEPRECATED_OBJC_IMPLEMENTATIONS = YES;
				CLANG_WARN_DIRECT_OBJC_ISA_USAGE = YES_ERROR;
				CLANG_WARN_DOCUMENTATION_COMMENTS = YES;
				CLANG_WARN_EMPTY_BODY = YES;
				CLANG_WARN_ENUM_CONVERSION = YES;
				CLANG_WARN_INFINITE_RECURSION = YES;
				CLANG_WARN_INT_CONVERSION = YES;
				CLANG_WARN_NON_LITERAL_NULL_CONVERSION = YES;
				CLANG_WARN_OBJC_IMPLICIT_RETAIN_SELF = YES;
				CLANG_WARN_OBJC_LITERAL_CONVERSION = YES;
				CLANG_WARN_OBJC_ROOT_CLASS = YES_ERROR;
				CLANG_WARN_QUOTED_INCLUDE_IN_FRAMEWORK_HEADER = YES;
				CLANG_WARN_RANGE_LOOP_ANALYSIS = YES;
				CLANG_WARN_STRICT_PROTOTYPES = YES;
				CLANG_WARN_SUSPICIOUS_MOVE = YES;
				CLANG_WARN_UNGUARDED_AVAILABILITY = YES_AGGRESSIVE;
				CLANG_WARN_UNREACHABLE_CODE = YES;
				CLANG_WARN__DUPLICATE_METHOD_MATCH = YES;
				COPY_PHASE_STRIP = NO;
				DEBUG_INFORMATION_FORMAT = dwarf;
				ENABLE_STRICT_OBJC_MSGSEND = YES;
				ENABLE_TESTABILITY = YES;
				ENABLE_USER_SCRIPT_SANDBOXING = YES;
				GCC_C_LANGUAGE_STANDARD = gnu11;
				GCC_DYNAMIC_NO_PIC = NO;
				GCC_NO_COMMON_BLOCKS = YES;
				GCC_OPTIMIZATION_LEVEL = 0;
				GCC_PREPROCESSOR_DEFINITIONS = (
					"DEBUG=1",
					"$(inherited)",
				);
				GCC_WARN_64_TO_32_BIT_CONVERSION = YES;
				GCC_WARN_ABOUT_RETURN_TYPE = YES_ERROR;
				GCC_WARN_UNDECLARED_SELECTOR = YES;
				GCC_WARN_UNINITIALIZED_AUTOS = YES_AGGRESSIVE;
				GCC_WARN_UNUSED_FUNCTION = YES;
				GCC_WARN_UNUSED_VARIABLE = YES;
				IPHONEOS_DEPLOYMENT_TARGET = 17.0;
				MTL_ENABLE_DEBUG_INFO = INCLUDE_SOURCE;
				MTL_FAST_MATH = YES;
				ONLY_ACTIVE_ARCH = YES;
				SDKROOT = iphoneos;
				SWIFT_ACTIVE_COMPILATION_CONDITIONS = DEBUG;
				SWIFT_OPTIMIZATION_LEVEL = "-Onone";
			};
			name = Debug;
		};
		C68FB69F2A2596CA00C6B16F /* Release */ = {
			isa = XCBuildConfiguration;
			buildSettings = {
				ALWAYS_SEARCH_USER_PATHS = NO;
				ASSETCATALOG_COMPILER_GENERATE_SWIFT_ASSET_SYMBOL_EXTENSIONS = YES;
				CLANG_ANALYZER_NONNULL = YES;
				CLANG_ANALYZER_NUMBER_OBJECT_CONVERSION = YES_AGGRESSIVE;
				CLANG_CXX_LANGUAGE_STANDARD = "gnu++20";
				CLANG_ENABLE_MODULES = YES;
				CLANG_ENABLE_OBJC_ARC = YES;
				CLANG_ENABLE_OBJC_WEAK = YES;
				CLANG_WARN_BLOCK_CAPTURE_AUTORELEASING = YES;
				CLANG_WARN_BOOL_CONVERSION = YES;
				CLANG_WARN_COMMA = YES;
				CLANG_WARN_CONSTANT_CONVERSION = YES;
				CLANG_WARN_DEPRECATED_OBJC_IMPLEMENTATIONS = YES;
				CLANG_WARN_DIRECT_OBJC_ISA_USAGE = YES_ERROR;
				CLANG_WARN_DOCUMENTATION_COMMENTS = YES;
				CLANG_WARN_EMPTY_BODY = YES;
				CLANG_WARN_ENUM_CONVERSION = YES;
				CLANG_WARN_INFINITE_RECURSION = YES;
				CLANG_WARN_INT_CONVERSION = YES;
				CLANG_WARN_NON_LITERAL_NULL_CONVERSION = YES;
				CLANG_WARN_OBJC_IMPLICIT_RETAIN_SELF = YES;
				CLANG_WARN_OBJC_LITERAL_CONVERSION = YES;
				CLANG_WARN_OBJC_ROOT_CLASS = YES_ERROR;
				CLANG_WARN_QUOTED_INCLUDE_IN_FRAMEWORK_HEADER = YES;
				CLANG_WARN_RANGE_LOOP_ANALYSIS = YES;
				CLANG_WARN_STRICT_PROTOTYPES = YES;
				CLANG_WARN_SUSPICIOUS_MOVE = YES;
				CLANG_WARN_UNGUARDED_AVAILABILITY = YES_AGGRESSIVE;
				CLANG_WARN_UNREACHABLE_CODE = YES;
				CLANG_WARN__DUPLICATE_METHOD_MATCH = YES;
				COPY_PHASE_STRIP = NO;
				DEBUG_INFORMATION_FORMAT = "dwarf-with-dsym";
				ENABLE_NS_ASSERTIONS = NO;
				ENABLE_STRICT_OBJC_MSGSEND = YES;
				ENABLE_USER_SCRIPT_SANDBOXING = YES;
				GCC_C_LANGUAGE_STANDARD = gnu11;
				GCC_NO_COMMON_BLOCKS = YES;
				GCC_WARN_64_TO_32_BIT_CONVERSION = YES;
				GCC_WARN_ABOUT_RETURN_TYPE = YES_ERROR;
				GCC_WARN_UNDECLARED_SELECTOR = YES;
				GCC_WARN_UNINITIALIZED_AUTOS = YES_AGGRESSIVE;
				GCC_WARN_UNUSED_FUNCTION = YES;
				GCC_WARN_UNUSED_VARIABLE = YES;
				IPHONEOS_DEPLOYMENT_TARGET = 17.0;
				MTL_ENABLE_DEBUG_INFO = NO;
				MTL_FAST_MATH = YES;
				SDKROOT = iphoneos;
				SWIFT_COMPILATION_MODE = wholemodule;
				SWIFT_OPTIMIZATION_LEVEL = "-O";
				VALIDATE_PRODUCT = YES;
			};
			name = Release;
		};
		C68FB6A12A2596CA00C6B16F /* Debug */ = {
			isa = XCBuildConfiguration;
			buildSettings = {
				ASSETCATALOG_COMPILER_APPICON_NAME = AppIcon;
				ASSETCATALOG_COMPILER_GLOBAL_ACCENT_COLOR_NAME = AccentColor;
				CODE_SIGN_STYLE = Automatic;
				CURRENT_PROJECT_VERSION = 1;
				DEVELOPMENT_ASSET_PATHS = "\"SwiftUIIntermediate/Preview Content\"";
				ENABLE_PREVIEWS = YES;
				GENERATE_INFOPLIST_FILE = YES;
				INFOPLIST_KEY_UIApplicationSceneManifest_Generation = YES;
				INFOPLIST_KEY_UIApplicationSupportsIndirectInputEvents = YES;
				INFOPLIST_KEY_UILaunchScreen_Generation = YES;
				INFOPLIST_KEY_UISupportedInterfaceOrientations_iPad = "UIInterfaceOrientationPortrait UIInterfaceOrientationPortraitUpsideDown UIInterfaceOrientationLandscapeLeft UIInterfaceOrientationLandscapeRight";
				INFOPLIST_KEY_UISupportedInterfaceOrientations_iPhone = "UIInterfaceOrientationPortrait UIInterfaceOrientationLandscapeLeft UIInterfaceOrientationLandscapeRight";
				LD_RUNPATH_SEARCH_PATHS = (
					"$(inherited)",
					"@executable_path/Frameworks",
				);
				MARKETING_VERSION = 1.0;
				PRODUCT_BUNDLE_IDENTIFIER = mx.datafox.SwiftUIIntermediate;
				PRODUCT_NAME = "$(TARGET_NAME)";
				SWIFT_EMIT_LOC_STRINGS = YES;
				SWIFT_VERSION = 5.0;
				TARGETED_DEVICE_FAMILY = "1,2";
			};
			name = Debug;
		};
		C68FB6A22A2596CA00C6B16F /* Release */ = {
			isa = XCBuildConfiguration;
			buildSettings = {
				ASSETCATALOG_COMPILER_APPICON_NAME = AppIcon;
				ASSETCATALOG_COMPILER_GLOBAL_ACCENT_COLOR_NAME = AccentColor;
				CODE_SIGN_STYLE = Automatic;
				CURRENT_PROJECT_VERSION = 1;
				DEVELOPMENT_ASSET_PATHS = "\"SwiftUIIntermediate/Preview Content\"";
				ENABLE_PREVIEWS = YES;
				GENERATE_INFOPLIST_FILE = YES;
				INFOPLIST_KEY_UIApplicationSceneManifest_Generation = YES;
				INFOPLIST_KEY_UIApplicationSupportsIndirectInputEvents = YES;
				INFOPLIST_KEY_UILaunchScreen_Generation = YES;
				INFOPLIST_KEY_UISupportedInterfaceOrientations_iPad = "UIInterfaceOrientationPortrait UIInterfaceOrientationPortraitUpsideDown UIInterfaceOrientationLandscapeLeft UIInterfaceOrientationLandscapeRight";
				INFOPLIST_KEY_UISupportedInterfaceOrientations_iPhone = "UIInterfaceOrientationPortrait UIInterfaceOrientationLandscapeLeft UIInterfaceOrientationLandscapeRight";
				LD_RUNPATH_SEARCH_PATHS = (
					"$(inherited)",
					"@executable_path/Frameworks",
				);
				MARKETING_VERSION = 1.0;
				PRODUCT_BUNDLE_IDENTIFIER = mx.datafox.SwiftUIIntermediate;
				PRODUCT_NAME = "$(TARGET_NAME)";
				SWIFT_EMIT_LOC_STRINGS = YES;
				SWIFT_VERSION = 5.0;
				TARGETED_DEVICE_FAMILY = "1,2";
			};
			name = Release;
		};
/* End XCBuildConfiguration section */

/* Begin XCConfigurationList section */
		C68FB68D2A2596C600C6B16F /* Build configuration list for PBXProject "SwiftUIIntermediate" */ = {
			isa = XCConfigurationList;
			buildConfigurations = (
				C68FB69E2A2596CA00C6B16F /* Debug */,
				C68FB69F2A2596CA00C6B16F /* Release */,
			);
			defaultConfigurationIsVisible = 0;
			defaultConfigurationName = Release;
		};
		C68FB6A02A2596CA00C6B16F /* Build configuration list for PBXNativeTarget "SwiftUIIntermediate" */ = {
			isa = XCConfigurationList;
			buildConfigurations = (
				C68FB6A12A2596CA00C6B16F /* Debug */,
				C68FB6A22A2596CA00C6B16F /* Release */,
			);
			defaultConfigurationIsVisible = 0;
			defaultConfigurationName = Release;
		};
/* End XCConfigurationList section */

/* Begin XCVersionGroup section */
		C668F2F82A43A21F0024816D /* Books.xcdatamodeld */ = {
			isa = XCVersionGroup;
			children = (
				C668F2F92A43A2210024816D /* Books.xcdatamodel */,
			);
			currentVersion = C668F2F92A43A2210024816D /* Books.xcdatamodel */;
			path = Books.xcdatamodeld;
			sourceTree = "<group>";
			versionGroupType = wrapper.xcdatamodel;
		};
/* End XCVersionGroup section */
	};
	rootObject = C68FB68A2A2596C600C6B16F /* Project object */;
}
