// !$*UTF8*$!
{
	archiveVersion = 1;
	classes = {
	};
	objectVersion = 56;
	objects = {

/* Begin PBXBuildFile section */
		C65031F22A2A29F3007623FB /* MaskView.swift in Sources */ = {isa = PBXBuildFile; fileRef = C65031F12A2A29F3007623FB /* MaskView.swift */; };
		C6591EFA2A298EDC0054800C /* GeometryReeaderView.swift in Sources */ = {isa = PBXBuildFile; fileRef = C6591EF92A298EDC0054800C /* GeometryReeaderView.swift */; };
		C6591EFC2A2993A40054800C /* GeometryReader2View.swift in Sources */ = {isa = PBXBuildFile; fileRef = C6591EFB2A2993A40054800C /* GeometryReader2View.swift */; };
		C68FB6962A2596C600C6B16F /* SwiftUIIntermediateApp.swift in Sources */ = {isa = PBXBuildFile; fileRef = C68FB6952A2596C600C6B16F /* SwiftUIIntermediateApp.swift */; };
		C68FB6982A2596C600C6B16F /* ContentView.swift in Sources */ = {isa = PBXBuildFile; fileRef = C68FB6972A2596C600C6B16F /* ContentView.swift */; };
		C68FB69A2A2596CA00C6B16F /* Assets.xcassets in Resources */ = {isa = PBXBuildFile; fileRef = C68FB6992A2596CA00C6B16F /* Assets.xcassets */; };
		C68FB69D2A2596CA00C6B16F /* Preview Assets.xcassets in Resources */ = {isa = PBXBuildFile; fileRef = C68FB69C2A2596CA00C6B16F /* Preview Assets.xcassets */; };
		C68FB6A42A25973300C6B16F /* LongPressGestureView.swift in Sources */ = {isa = PBXBuildFile; fileRef = C68FB6A32A25973300C6B16F /* LongPressGestureView.swift */; };
		C6C3B17C2A27F467002892E2 /* MagnificationGestureView.swift in Sources */ = {isa = PBXBuildFile; fileRef = C6C3B17B2A27F467002892E2 /* MagnificationGestureView.swift */; };
		C6C3B17E2A28263D002892E2 /* RotationGestureView.swift in Sources */ = {isa = PBXBuildFile; fileRef = C6C3B17D2A28263D002892E2 /* RotationGestureView.swift */; };
		C6C3B1802A282945002892E2 /* DragGestureView.swift in Sources */ = {isa = PBXBuildFile; fileRef = C6C3B17F2A282945002892E2 /* DragGestureView.swift */; };
		C6C3B1832A283CA5002892E2 /* DragGestureSecondView.swift in Sources */ = {isa = PBXBuildFile; fileRef = C6C3B1822A283CA5002892E2 /* DragGestureSecondView.swift */; };
		C6D45D7A2A26D79C00B8A8BE /* TapGestureView.swift in Sources */ = {isa = PBXBuildFile; fileRef = C6D45D792A26D79C00B8A8BE /* TapGestureView.swift */; };
		C6DFDAB82A2A747C00C6A78A /* MultipleSheetsView.swift in Sources */ = {isa = PBXBuildFile; fileRef = C6DFDAB72A2A747C00C6A78A /* MultipleSheetsView.swift */; };
		C6DFDABA2A2A867D00C6A78A /* MultipleSheets2View.swift in Sources */ = {isa = PBXBuildFile; fileRef = C6DFDAB92A2A867D00C6A78A /* MultipleSheets2View.swift */; };
		C6EBFB692A297F33009C03C5 /* ScrollViewReaderView.swift in Sources */ = {isa = PBXBuildFile; fileRef = C6EBFB682A297F33009C03C5 /* ScrollViewReaderView.swift */; };
/* End PBXBuildFile section */

/* Begin PBXFileReference section */
		C65031F12A2A29F3007623FB /* MaskView.swift */ = {isa = PBXFileReference; lastKnownFileType = sourcecode.swift; path = MaskView.swift; sourceTree = "<group>"; };
		C6591EF92A298EDC0054800C /* GeometryReeaderView.swift */ = {isa = PBXFileReference; lastKnownFileType = sourcecode.swift; path = GeometryReeaderView.swift; sourceTree = "<group>"; };
		C6591EFB2A2993A40054800C /* GeometryReader2View.swift */ = {isa = PBXFileReference; lastKnownFileType = sourcecode.swift; path = GeometryReader2View.swift; sourceTree = "<group>"; };
		C68FB6922A2596C600C6B16F /* SwiftUIIntermediate.app */ = {isa = PBXFileReference; explicitFileType = wrapper.application; includeInIndex = 0; path = SwiftUIIntermediate.app; sourceTree = BUILT_PRODUCTS_DIR; };
		C68FB6952A2596C600C6B16F /* SwiftUIIntermediateApp.swift */ = {isa = PBXFileReference; lastKnownFileType = sourcecode.swift; path = SwiftUIIntermediateApp.swift; sourceTree = "<group>"; };
		C68FB6972A2596C600C6B16F /* ContentView.swift */ = {isa = PBXFileReference; lastKnownFileType = sourcecode.swift; path = ContentView.swift; sourceTree = "<group>"; };
		C68FB6992A2596CA00C6B16F /* Assets.xcassets */ = {isa = PBXFileReference; lastKnownFileType = folder.assetcatalog; path = Assets.xcassets; sourceTree = "<group>"; };
		C68FB69C2A2596CA00C6B16F /* Preview Assets.xcassets */ = {isa = PBXFileReference; lastKnownFileType = folder.assetcatalog; path = "Preview Assets.xcassets"; sourceTree = "<group>"; };
		C68FB6A32A25973300C6B16F /* LongPressGestureView.swift */ = {isa = PBXFileReference; lastKnownFileType = sourcecode.swift; path = LongPressGestureView.swift; sourceTree = "<group>"; };
		C6C3B17B2A27F467002892E2 /* MagnificationGestureView.swift */ = {isa = PBXFileReference; lastKnownFileType = sourcecode.swift; path = MagnificationGestureView.swift; sourceTree = "<group>"; };
		C6C3B17D2A28263D002892E2 /* RotationGestureView.swift */ = {isa = PBXFileReference; lastKnownFileType = sourcecode.swift; path = RotationGestureView.swift; sourceTree = "<group>"; };
		C6C3B17F2A282945002892E2 /* DragGestureView.swift */ = {isa = PBXFileReference; lastKnownFileType = sourcecode.swift; path = DragGestureView.swift; sourceTree = "<group>"; };
		C6C3B1822A283CA5002892E2 /* DragGestureSecondView.swift */ = {isa = PBXFileReference; lastKnownFileType = sourcecode.swift; path = DragGestureSecondView.swift; sourceTree = "<group>"; };
		C6D45D792A26D79C00B8A8BE /* TapGestureView.swift */ = {isa = PBXFileReference; lastKnownFileType = sourcecode.swift; path = TapGestureView.swift; sourceTree = "<group>"; };
		C6DFDAB72A2A747C00C6A78A /* MultipleSheetsView.swift */ = {isa = PBXFileReference; lastKnownFileType = sourcecode.swift; path = MultipleSheetsView.swift; sourceTree = "<group>"; };
		C6DFDAB92A2A867D00C6A78A /* MultipleSheets2View.swift */ = {isa = PBXFileReference; lastKnownFileType = sourcecode.swift; path = MultipleSheets2View.swift; sourceTree = "<group>"; };
		C6EBFB682A297F33009C03C5 /* ScrollViewReaderView.swift */ = {isa = PBXFileReference; lastKnownFileType = sourcecode.swift; path = ScrollViewReaderView.swift; sourceTree = "<group>"; };
/* End PBXFileReference section */

/* Begin PBXFrameworksBuildPhase section */
		C68FB68F2A2596C600C6B16F /* Frameworks */ = {
			isa = PBXFrameworksBuildPhase;
			buildActionMask = 2147483647;
			files = (
			);
			runOnlyForDeploymentPostprocessing = 0;
		};
/* End PBXFrameworksBuildPhase section */

/* Begin PBXGroup section */
		C65031F02A2A2941007623FB /* Readers */ = {
			isa = PBXGroup;
			children = (
				C6EBFB682A297F33009C03C5 /* ScrollViewReaderView.swift */,
				C6591EF92A298EDC0054800C /* GeometryReeaderView.swift */,
				C6591EFB2A2993A40054800C /* GeometryReader2View.swift */,
			);
			path = Readers;
			sourceTree = "<group>";
		};
		C68FB6892A2596C600C6B16F = {
			isa = PBXGroup;
			children = (
				C68FB6942A2596C600C6B16F /* SwiftUIIntermediate */,
				C68FB6932A2596C600C6B16F /* Products */,
			);
			sourceTree = "<group>";
		};
		C68FB6932A2596C600C6B16F /* Products */ = {
			isa = PBXGroup;
			children = (
				C68FB6922A2596C600C6B16F /* SwiftUIIntermediate.app */,
			);
			name = Products;
			sourceTree = "<group>";
		};
		C68FB6942A2596C600C6B16F /* SwiftUIIntermediate */ = {
			isa = PBXGroup;
			children = (
				C68FB6952A2596C600C6B16F /* SwiftUIIntermediateApp.swift */,
				C68FB6972A2596C600C6B16F /* ContentView.swift */,
				C6C3B1812A28294E002892E2 /* Gestures */,
				C65031F02A2A2941007623FB /* Readers */,
				C6DFDABB2A2A8A1000C6A78A /* Sheets */,
				C6DFDABC2A2A8A2A00C6A78A /* Mask */,
				C68FB6992A2596CA00C6B16F /* Assets.xcassets */,
				C68FB69B2A2596CA00C6B16F /* Preview Content */,
			);
			path = SwiftUIIntermediate;
			sourceTree = "<group>";
		};
		C68FB69B2A2596CA00C6B16F /* Preview Content */ = {
			isa = PBXGroup;
			children = (
				C68FB69C2A2596CA00C6B16F /* Preview Assets.xcassets */,
			);
			path = "Preview Content";
			sourceTree = "<group>";
		};
		C6C3B1812A28294E002892E2 /* Gestures */ = {
			isa = PBXGroup;
			children = (
				C6D45D792A26D79C00B8A8BE /* TapGestureView.swift */,
				C68FB6A32A25973300C6B16F /* LongPressGestureView.swift */,
				C6C3B17B2A27F467002892E2 /* MagnificationGestureView.swift */,
				C6C3B17D2A28263D002892E2 /* RotationGestureView.swift */,
				C6C3B17F2A282945002892E2 /* DragGestureView.swift */,
				C6C3B1822A283CA5002892E2 /* DragGestureSecondView.swift */,
			);
			path = Gestures;
			sourceTree = "<group>";
		};
		C6DFDABB2A2A8A1000C6A78A /* Sheets */ = {
			isa = PBXGroup;
			children = (
				C6DFDAB72A2A747C00C6A78A /* MultipleSheetsView.swift */,
				C6DFDAB92A2A867D00C6A78A /* MultipleSheets2View.swift */,
			);
			path = Sheets;
			sourceTree = "<group>";
		};
		C6DFDABC2A2A8A2A00C6A78A /* Mask */ = {
			isa = PBXGroup;
			children = (
				C65031F12A2A29F3007623FB /* MaskView.swift */,
			);
			path = Mask;
			sourceTree = "<group>";
		};
/* End PBXGroup section */

/* Begin PBXNativeTarget section */
		C68FB6912A2596C600C6B16F /* SwiftUIIntermediate */ = {
			isa = PBXNativeTarget;
			buildConfigurationList = C68FB6A02A2596CA00C6B16F /* Build configuration list for PBXNativeTarget "SwiftUIIntermediate" */;
			buildPhases = (
				C68FB68E2A2596C600C6B16F /* Sources */,
				C68FB68F2A2596C600C6B16F /* Frameworks */,
				C68FB6902A2596C600C6B16F /* Resources */,
			);
			buildRules = (
			);
			dependencies = (
			);
			name = SwiftUIIntermediate;
			productName = SwiftUIIntermediate;
			productReference = C68FB6922A2596C600C6B16F /* SwiftUIIntermediate.app */;
			productType = "com.apple.product-type.application";
		};
/* End PBXNativeTarget section */

/* Begin PBXProject section */
		C68FB68A2A2596C600C6B16F /* Project object */ = {
			isa = PBXProject;
			attributes = {
				BuildIndependentTargetsInParallel = 1;
				LastSwiftUpdateCheck = 1430;
				LastUpgradeCheck = 1430;
				TargetAttributes = {
					C68FB6912A2596C600C6B16F = {
						CreatedOnToolsVersion = 14.3;
					};
				};
			};
			buildConfigurationList = C68FB68D2A2596C600C6B16F /* Build configuration list for PBXProject "SwiftUIIntermediate" */;
			compatibilityVersion = "Xcode 14.0";
			developmentRegion = en;
			hasScannedForEncodings = 0;
			knownRegions = (
				en,
				Base,
			);
			mainGroup = C68FB6892A2596C600C6B16F;
			productRefGroup = C68FB6932A2596C600C6B16F /* Products */;
			projectDirPath = "";
			projectRoot = "";
			targets = (
				C68FB6912A2596C600C6B16F /* SwiftUIIntermediate */,
			);
		};
/* End PBXProject section */

/* Begin PBXResourcesBuildPhase section */
		C68FB6902A2596C600C6B16F /* Resources */ = {
			isa = PBXResourcesBuildPhase;
			buildActionMask = 2147483647;
			files = (
				C68FB69D2A2596CA00C6B16F /* Preview Assets.xcassets in Resources */,
				C68FB69A2A2596CA00C6B16F /* Assets.xcassets in Resources */,
			);
			runOnlyForDeploymentPostprocessing = 0;
		};
/* End PBXResourcesBuildPhase section */

/* Begin PBXSourcesBuildPhase section */
		C68FB68E2A2596C600C6B16F /* Sources */ = {
			isa = PBXSourcesBuildPhase;
			buildActionMask = 2147483647;
			files = (
				C6D45D7A2A26D79C00B8A8BE /* TapGestureView.swift in Sources */,
				C6DFDABA2A2A867D00C6A78A /* MultipleSheets2View.swift in Sources */,
				C68FB6982A2596C600C6B16F /* ContentView.swift in Sources */,
				C6C3B1832A283CA5002892E2 /* DragGestureSecondView.swift in Sources */,
				C6EBFB692A297F33009C03C5 /* ScrollViewReaderView.swift in Sources */,
				C6C3B17C2A27F467002892E2 /* MagnificationGestureView.swift in Sources */,
				C6C3B1802A282945002892E2 /* DragGestureView.swift in Sources */,
				C6DFDAB82A2A747C00C6A78A /* MultipleSheetsView.swift in Sources */,
				C68FB6962A2596C600C6B16F /* SwiftUIIntermediateApp.swift in Sources */,
				C6591EFC2A2993A40054800C /* GeometryReader2View.swift in Sources */,
				C65031F22A2A29F3007623FB /* MaskView.swift in Sources */,
				C6C3B17E2A28263D002892E2 /* RotationGestureView.swift in Sources */,
				C68FB6A42A25973300C6B16F /* LongPressGestureView.swift in Sources */,
				C6591EFA2A298EDC0054800C /* GeometryReeaderView.swift in Sources */,
			);
			runOnlyForDeploymentPostprocessing = 0;
		};
/* End PBXSourcesBuildPhase section */

/* Begin XCBuildConfiguration section */
		C68FB69E2A2596CA00C6B16F /* Debug */ = {
			isa = XCBuildConfiguration;
			buildSettings = {
				ALWAYS_SEARCH_USER_PATHS = NO;
				CLANG_ANALYZER_NONNULL = YES;
				CLANG_ANALYZER_NUMBER_OBJECT_CONVERSION = YES_AGGRESSIVE;
				CLANG_CXX_LANGUAGE_STANDARD = "gnu++20";
				CLANG_ENABLE_MODULES = YES;
				CLANG_ENABLE_OBJC_ARC = YES;
				CLANG_ENABLE_OBJC_WEAK = YES;
				CLANG_WARN_BLOCK_CAPTURE_AUTORELEASING = YES;
				CLANG_WARN_BOOL_CONVERSION = YES;
				CLANG_WARN_COMMA = YES;
				CLANG_WARN_CONSTANT_CONVERSION = YES;
				CLANG_WARN_DEPRECATED_OBJC_IMPLEMENTATIONS = YES;
				CLANG_WARN_DIRECT_OBJC_ISA_USAGE = YES_ERROR;
				CLANG_WARN_DOCUMENTATION_COMMENTS = YES;
				CLANG_WARN_EMPTY_BODY = YES;
				CLANG_WARN_ENUM_CONVERSION = YES;
				CLANG_WARN_INFINITE_RECURSION = YES;
				CLANG_WARN_INT_CONVERSION = YES;
				CLANG_WARN_NON_LITERAL_NULL_CONVERSION = YES;
				CLANG_WARN_OBJC_IMPLICIT_RETAIN_SELF = YES;
				CLANG_WARN_OBJC_LITERAL_CONVERSION = YES;
				CLANG_WARN_OBJC_ROOT_CLASS = YES_ERROR;
				CLANG_WARN_QUOTED_INCLUDE_IN_FRAMEWORK_HEADER = YES;
				CLANG_WARN_RANGE_LOOP_ANALYSIS = YES;
				CLANG_WARN_STRICT_PROTOTYPES = YES;
				CLANG_WARN_SUSPICIOUS_MOVE = YES;
				CLANG_WARN_UNGUARDED_AVAILABILITY = YES_AGGRESSIVE;
				CLANG_WARN_UNREACHABLE_CODE = YES;
				CLANG_WARN__DUPLICATE_METHOD_MATCH = YES;
				COPY_PHASE_STRIP = NO;
				DEBUG_INFORMATION_FORMAT = dwarf;
				ENABLE_STRICT_OBJC_MSGSEND = YES;
				ENABLE_TESTABILITY = YES;
				GCC_C_LANGUAGE_STANDARD = gnu11;
				GCC_DYNAMIC_NO_PIC = NO;
				GCC_NO_COMMON_BLOCKS = YES;
				GCC_OPTIMIZATION_LEVEL = 0;
				GCC_PREPROCESSOR_DEFINITIONS = (
					"DEBUG=1",
					"$(inherited)",
				);
				GCC_WARN_64_TO_32_BIT_CONVERSION = YES;
				GCC_WARN_ABOUT_RETURN_TYPE = YES_ERROR;
				GCC_WARN_UNDECLARED_SELECTOR = YES;
				GCC_WARN_UNINITIALIZED_AUTOS = YES_AGGRESSIVE;
				GCC_WARN_UNUSED_FUNCTION = YES;
				GCC_WARN_UNUSED_VARIABLE = YES;
				IPHONEOS_DEPLOYMENT_TARGET = 16.4;
				MTL_ENABLE_DEBUG_INFO = INCLUDE_SOURCE;
				MTL_FAST_MATH = YES;
				ONLY_ACTIVE_ARCH = YES;
				SDKROOT = iphoneos;
				SWIFT_ACTIVE_COMPILATION_CONDITIONS = DEBUG;
				SWIFT_OPTIMIZATION_LEVEL = "-Onone";
			};
			name = Debug;
		};
		C68FB69F2A2596CA00C6B16F /* Release */ = {
			isa = XCBuildConfiguration;
			buildSettings = {
				ALWAYS_SEARCH_USER_PATHS = NO;
				CLANG_ANALYZER_NONNULL = YES;
				CLANG_ANALYZER_NUMBER_OBJECT_CONVERSION = YES_AGGRESSIVE;
				CLANG_CXX_LANGUAGE_STANDARD = "gnu++20";
				CLANG_ENABLE_MODULES = YES;
				CLANG_ENABLE_OBJC_ARC = YES;
				CLANG_ENABLE_OBJC_WEAK = YES;
				CLANG_WARN_BLOCK_CAPTURE_AUTORELEASING = YES;
				CLANG_WARN_BOOL_CONVERSION = YES;
				CLANG_WARN_COMMA = YES;
				CLANG_WARN_CONSTANT_CONVERSION = YES;
				CLANG_WARN_DEPRECATED_OBJC_IMPLEMENTATIONS = YES;
				CLANG_WARN_DIRECT_OBJC_ISA_USAGE = YES_ERROR;
				CLANG_WARN_DOCUMENTATION_COMMENTS = YES;
				CLANG_WARN_EMPTY_BODY = YES;
				CLANG_WARN_ENUM_CONVERSION = YES;
				CLANG_WARN_INFINITE_RECURSION = YES;
				CLANG_WARN_INT_CONVERSION = YES;
				CLANG_WARN_NON_LITERAL_NULL_CONVERSION = YES;
				CLANG_WARN_OBJC_IMPLICIT_RETAIN_SELF = YES;
				CLANG_WARN_OBJC_LITERAL_CONVERSION = YES;
				CLANG_WARN_OBJC_ROOT_CLASS = YES_ERROR;
				CLANG_WARN_QUOTED_INCLUDE_IN_FRAMEWORK_HEADER = YES;
				CLANG_WARN_RANGE_LOOP_ANALYSIS = YES;
				CLANG_WARN_STRICT_PROTOTYPES = YES;
				CLANG_WARN_SUSPICIOUS_MOVE = YES;
				CLANG_WARN_UNGUARDED_AVAILABILITY = YES_AGGRESSIVE;
				CLANG_WARN_UNREACHABLE_CODE = YES;
				CLANG_WARN__DUPLICATE_METHOD_MATCH = YES;
				COPY_PHASE_STRIP = NO;
				DEBUG_INFORMATION_FORMAT = "dwarf-with-dsym";
				ENABLE_NS_ASSERTIONS = NO;
				ENABLE_STRICT_OBJC_MSGSEND = YES;
				GCC_C_LANGUAGE_STANDARD = gnu11;
				GCC_NO_COMMON_BLOCKS = YES;
				GCC_WARN_64_TO_32_BIT_CONVERSION = YES;
				GCC_WARN_ABOUT_RETURN_TYPE = YES_ERROR;
				GCC_WARN_UNDECLARED_SELECTOR = YES;
				GCC_WARN_UNINITIALIZED_AUTOS = YES_AGGRESSIVE;
				GCC_WARN_UNUSED_FUNCTION = YES;
				GCC_WARN_UNUSED_VARIABLE = YES;
				IPHONEOS_DEPLOYMENT_TARGET = 16.4;
				MTL_ENABLE_DEBUG_INFO = NO;
				MTL_FAST_MATH = YES;
				SDKROOT = iphoneos;
				SWIFT_COMPILATION_MODE = wholemodule;
				SWIFT_OPTIMIZATION_LEVEL = "-O";
				VALIDATE_PRODUCT = YES;
			};
			name = Release;
		};
		C68FB6A12A2596CA00C6B16F /* Debug */ = {
			isa = XCBuildConfiguration;
			buildSettings = {
				ASSETCATALOG_COMPILER_APPICON_NAME = AppIcon;
				ASSETCATALOG_COMPILER_GLOBAL_ACCENT_COLOR_NAME = AccentColor;
				CODE_SIGN_STYLE = Automatic;
				CURRENT_PROJECT_VERSION = 1;
				DEVELOPMENT_ASSET_PATHS = "\"SwiftUIIntermediate/Preview Content\"";
				ENABLE_PREVIEWS = YES;
				GENERATE_INFOPLIST_FILE = YES;
				INFOPLIST_KEY_UIApplicationSceneManifest_Generation = YES;
				INFOPLIST_KEY_UIApplicationSupportsIndirectInputEvents = YES;
				INFOPLIST_KEY_UILaunchScreen_Generation = YES;
				INFOPLIST_KEY_UISupportedInterfaceOrientations_iPad = "UIInterfaceOrientationPortrait UIInterfaceOrientationPortraitUpsideDown UIInterfaceOrientationLandscapeLeft UIInterfaceOrientationLandscapeRight";
				INFOPLIST_KEY_UISupportedInterfaceOrientations_iPhone = "UIInterfaceOrientationPortrait UIInterfaceOrientationLandscapeLeft UIInterfaceOrientationLandscapeRight";
				LD_RUNPATH_SEARCH_PATHS = (
					"$(inherited)",
					"@executable_path/Frameworks",
				);
				MARKETING_VERSION = 1.0;
				PRODUCT_BUNDLE_IDENTIFIER = mx.datafox.SwiftUIIntermediate;
				PRODUCT_NAME = "$(TARGET_NAME)";
				SWIFT_EMIT_LOC_STRINGS = YES;
				SWIFT_VERSION = 5.0;
				TARGETED_DEVICE_FAMILY = "1,2";
			};
			name = Debug;
		};
		C68FB6A22A2596CA00C6B16F /* Release */ = {
			isa = XCBuildConfiguration;
			buildSettings = {
				ASSETCATALOG_COMPILER_APPICON_NAME = AppIcon;
				ASSETCATALOG_COMPILER_GLOBAL_ACCENT_COLOR_NAME = AccentColor;
				CODE_SIGN_STYLE = Automatic;
				CURRENT_PROJECT_VERSION = 1;
				DEVELOPMENT_ASSET_PATHS = "\"SwiftUIIntermediate/Preview Content\"";
				ENABLE_PREVIEWS = YES;
				GENERATE_INFOPLIST_FILE = YES;
				INFOPLIST_KEY_UIApplicationSceneManifest_Generation = YES;
				INFOPLIST_KEY_UIApplicationSupportsIndirectInputEvents = YES;
				INFOPLIST_KEY_UILaunchScreen_Generation = YES;
				INFOPLIST_KEY_UISupportedInterfaceOrientations_iPad = "UIInterfaceOrientationPortrait UIInterfaceOrientationPortraitUpsideDown UIInterfaceOrientationLandscapeLeft UIInterfaceOrientationLandscapeRight";
				INFOPLIST_KEY_UISupportedInterfaceOrientations_iPhone = "UIInterfaceOrientationPortrait UIInterfaceOrientationLandscapeLeft UIInterfaceOrientationLandscapeRight";
				LD_RUNPATH_SEARCH_PATHS = (
					"$(inherited)",
					"@executable_path/Frameworks",
				);
				MARKETING_VERSION = 1.0;
				PRODUCT_BUNDLE_IDENTIFIER = mx.datafox.SwiftUIIntermediate;
				PRODUCT_NAME = "$(TARGET_NAME)";
				SWIFT_EMIT_LOC_STRINGS = YES;
				SWIFT_VERSION = 5.0;
				TARGETED_DEVICE_FAMILY = "1,2";
			};
			name = Release;
		};
/* End XCBuildConfiguration section */

/* Begin XCConfigurationList section */
		C68FB68D2A2596C600C6B16F /* Build configuration list for PBXProject "SwiftUIIntermediate" */ = {
			isa = XCConfigurationList;
			buildConfigurations = (
				C68FB69E2A2596CA00C6B16F /* Debug */,
				C68FB69F2A2596CA00C6B16F /* Release */,
			);
			defaultConfigurationIsVisible = 0;
			defaultConfigurationName = Release;
		};
		C68FB6A02A2596CA00C6B16F /* Build configuration list for PBXNativeTarget "SwiftUIIntermediate" */ = {
			isa = XCConfigurationList;
			buildConfigurations = (
				C68FB6A12A2596CA00C6B16F /* Debug */,
				C68FB6A22A2596CA00C6B16F /* Release */,
			);
			defaultConfigurationIsVisible = 0;
			defaultConfigurationName = Release;
		};
/* End XCConfigurationList section */
	};
	rootObject = C68FB68A2A2596C600C6B16F /* Project object */;
}
